
Microsoft Visual Studio Solution File, Format Version 12.00
# Visual Studio 15
VisualStudioVersion = 15.0.27703.2042
MinimumVisualStudioVersion = 10.0.40219.1
Project("{FAE04EC0-301F-11D3-BF4B-00C04F79EFBC}") = "MyShop.Core", "MyShop.Core\MyShop.Core.csproj", "{189DF1E5-DD14-417A-A145-C8F7CE9AE5DC}"
EndProject
Project("{FAE04EC0-301F-11D3-BF4B-00C04F79EFBC}") = "MyShop.Services", "MyShop.Services\MyShop.Services.csproj", "{C97209FA-0887-4E69-83BB-DC5DBF163928}"
EndProject
Project("{FAE04EC0-301F-11D3-BF4B-00C04F79EFBC}") = "MyShop.DataAccess.SQL", "MyShop.DataAccess.SQL\MyShop.DataAccess.SQL.csproj", "{F0D52805-E157-4005-9E70-46AB95B0C63F}"
EndProject
Project("{FAE04EC0-301F-11D3-BF4B-00C04F79EFBC}") = "MyShop.DataAccess.InMemory", "MyShop.DataAccess.InMemory\MyShop.DataAccess.InMemory.csproj", "{EE3C417F-3198-4496-BBFE-842C231EB222}"
EndProject
Project("{FAE04EC0-301F-11D3-BF4B-00C04F79EFBC}") = "MyShop.WebUI", "MyShop.WebUI\MyShop.WebUI.csproj", "{42257B30-D491-4BD3-AD32-322402AF28C6}"
EndProject
Project("{FAE04EC0-301F-11D3-BF4B-00C04F79EFBC}") = "MyShop.WebUI.Tests", "MyShop.WebUI.Tests\MyShop.WebUI.Tests.csproj", "{12A12D7B-93C4-46DF-A1CC-DDBF2B39EF07}"
EndProject
Global
	GlobalSection(SolutionConfigurationPlatforms) = preSolution
		Debug|Any CPU = Debug|Any CPU
		Release|Any CPU = Release|Any CPU
	EndGlobalSection
	GlobalSection(ProjectConfigurationPlatforms) = postSolution
		{189DF1E5-DD14-417A-A145-C8F7CE9AE5DC}.Debug|Any CPU.ActiveCfg = Debug|Any CPU
		{189DF1E5-DD14-417A-A145-C8F7CE9AE5DC}.Debug|Any CPU.Build.0 = Debug|Any CPU
		{189DF1E5-DD14-417A-A145-C8F7CE9AE5DC}.Release|Any CPU.ActiveCfg = Release|Any CPU
		{189DF1E5-DD14-417A-A145-C8F7CE9AE5DC}.Release|Any CPU.Build.0 = Release|Any CPU
		{C97209FA-0887-4E69-83BB-DC5DBF163928}.Debug|Any CPU.ActiveCfg = Debug|Any CPU
		{C97209FA-0887-4E69-83BB-DC5DBF163928}.Debug|Any CPU.Build.0 = Debug|Any CPU
		{C97209FA-0887-4E69-83BB-DC5DBF163928}.Release|Any CPU.ActiveCfg = Release|Any CPU
		{C97209FA-0887-4E69-83BB-DC5DBF163928}.Release|Any CPU.Build.0 = Release|Any CPU
		{F0D52805-E157-4005-9E70-46AB95B0C63F}.Debug|Any CPU.ActiveCfg = Debug|Any CPU
		{F0D52805-E157-4005-9E70-46AB95B0C63F}.Debug|Any CPU.Build.0 = Debug|Any CPU
		{F0D52805-E157-4005-9E70-46AB95B0C63F}.Release|Any CPU.ActiveCfg = Release|Any CPU
		{F0D52805-E157-4005-9E70-46AB95B0C63F}.Release|Any CPU.Build.0 = Release|Any CPU
		{EE3C417F-3198-4496-BBFE-842C231EB222}.Debug|Any CPU.ActiveCfg = Debug|Any CPU
		{EE3C417F-3198-4496-BBFE-842C231EB222}.Debug|Any CPU.Build.0 = Debug|Any CPU
		{EE3C417F-3198-4496-BBFE-842C231EB222}.Release|Any CPU.ActiveCfg = Release|Any CPU
		{EE3C417F-3198-4496-BBFE-842C231EB222}.Release|Any CPU.Build.0 = Release|Any CPU
		{42257B30-D491-4BD3-AD32-322402AF28C6}.Debug|Any CPU.ActiveCfg = Debug|Any CPU
		{42257B30-D491-4BD3-AD32-322402AF28C6}.Debug|Any CPU.Build.0 = Debug|Any CPU
		{42257B30-D491-4BD3-AD32-322402AF28C6}.Release|Any CPU.ActiveCfg = Release|Any CPU
		{42257B30-D491-4BD3-AD32-322402AF28C6}.Release|Any CPU.Build.0 = Release|Any CPU
		{12A12D7B-93C4-46DF-A1CC-DDBF2B39EF07}.Debug|Any CPU.ActiveCfg = Debug|Any CPU
		{12A12D7B-93C4-46DF-A1CC-DDBF2B39EF07}.Debug|Any CPU.Build.0 = Debug|Any CPU
		{12A12D7B-93C4-46DF-A1CC-DDBF2B39EF07}.Release|Any CPU.ActiveCfg = Release|Any CPU
		{12A12D7B-93C4-46DF-A1CC-DDBF2B39EF07}.Release|Any CPU.Build.0 = Release|Any CPU
	EndGlobalSection
	GlobalSection(SolutionProperties) = preSolution
		HideSolutionNode = FALSE
	EndGlobalSection
	GlobalSection(ExtensibilityGlobals) = postSolution
		SolutionGuid = {7D6E30C7-D540-4C29-8FBC-C27FD8ECF45B}
	EndGlobalSection
EndGlobal
